
Microsoft Visual Studio Solution File, Format Version 12.00
# Visual Studio Version 17
VisualStudioVersion = 17.2.32616.157
MinimumVisualStudioVersion = 10.0.40219.1
Project("{9A19103F-16F7-4668-BE54-9A1E7A4F7556}") = "Assignment2", "Assignment2.csproj", "{F5A26E72-7D00-4604-8046-2B363DAF895B}"
EndProject
Project("{FAE04EC0-301F-11D3-BF4B-00C04F79EFBC}") = "AssignmentData", "..\AssignmentData\AssignmentData.csproj", "{89C013E2-CEE7-4189-AAD2-F1FDBDBA2698}"
EndProject
Project("{FAE04EC0-301F-11D3-BF4B-00C04F79EFBC}") = "AssignmentManager", "..\AssignmentManager\AssignmentManager.csproj", "{A67C2E1E-5F21-4741-B410-8A55881FC102}"
EndProject
Global
	GlobalSection(SolutionConfigurationPlatforms) = preSolution
		Debug|Any CPU = Debug|Any CPU
		Release|Any CPU = Release|Any CPU
	EndGlobalSection
	GlobalSection(ProjectConfigurationPlatforms) = postSolution
		{F5A26E72-7D00-4604-8046-2B363DAF895B}.Debug|Any CPU.ActiveCfg = Debug|Any CPU
		{F5A26E72-7D00-4604-8046-2B363DAF895B}.Debug|Any CPU.Build.0 = Debug|Any CPU
		{F5A26E72-7D00-4604-8046-2B363DAF895B}.Release|Any CPU.ActiveCfg = Release|Any CPU
		{F5A26E72-7D00-4604-8046-2B363DAF895B}.Release|Any CPU.Build.0 = Release|Any CPU
		{89C013E2-CEE7-4189-AAD2-F1FDBDBA2698}.Debug|Any CPU.ActiveCfg = Debug|Any CPU
		{89C013E2-CEE7-4189-AAD2-F1FDBDBA2698}.Debug|Any CPU.Build.0 = Debug|Any CPU
		{89C013E2-CEE7-4189-AAD2-F1FDBDBA2698}.Release|Any CPU.ActiveCfg = Release|Any CPU
		{89C013E2-CEE7-4189-AAD2-F1FDBDBA2698}.Release|Any CPU.Build.0 = Release|Any CPU
		{A67C2E1E-5F21-4741-B410-8A55881FC102}.Debug|Any CPU.ActiveCfg = Debug|Any CPU
		{A67C2E1E-5F21-4741-B410-8A55881FC102}.Debug|Any CPU.Build.0 = Debug|Any CPU
		{A67C2E1E-5F21-4741-B410-8A55881FC102}.Release|Any CPU.ActiveCfg = Release|Any CPU
		{A67C2E1E-5F21-4741-B410-8A55881FC102}.Release|Any CPU.Build.0 = Release|Any CPU
	EndGlobalSection
	GlobalSection(SolutionProperties) = preSolution
		HideSolutionNode = FALSE
	EndGlobalSection
	GlobalSection(ExtensibilityGlobals) = postSolution
		SolutionGuid = {35212FDD-8218-4AAF-8B4B-93E5338C71AA}
	EndGlobalSection
EndGlobal
